
Microsoft Visual Studio Solution File, Format Version 12.00
# Visual Studio 15
VisualStudioVersion = 15.0.27130.2036
MinimumVisualStudioVersion = 10.0.40219.1
Project("{E24C65DC-7377-472B-9ABA-BC803B73C61A}") = "LReese1745Ex4a.4", ".", "{DEB0E87F-5101-4A59-8040-0660E2DA097F}"
	ProjectSection(WebsiteProperties) = preProject
		TargetFrameworkMoniker = ".NETFramework,Version%3Dv4.6.1"
		Debug.AspNetCompiler.VirtualPath = "/localhost_60718"
		Debug.AspNetCompiler.PhysicalPath = "..\LReese1745Ex4a.4\"
		Debug.AspNetCompiler.TargetPath = "PrecompiledWeb\localhost_60718\"
		Debug.AspNetCompiler.Updateable = "true"
		Debug.AspNetCompiler.ForceOverwrite = "true"
		Debug.AspNetCompiler.FixedNames = "false"
		Debug.AspNetCompiler.Debug = "True"
		Release.AspNetCompiler.VirtualPath = "/localhost_60718"
		Release.AspNetCompiler.PhysicalPath = "..\LReese1745Ex4a.4\"
		Release.AspNetCompiler.TargetPath = "PrecompiledWeb\localhost_60718\"
		Release.AspNetCompiler.Updateable = "true"
		Release.AspNetCompiler.ForceOverwrite = "true"
		Release.AspNetCompiler.FixedNames = "false"
		Release.AspNetCompiler.Debug = "False"
		VWDPort = "60718"
		SlnRelativePath = "..\LReese1745Ex4a.4\"
		DefaultWebSiteLanguage = "Visual C#"
	EndProjectSection
EndProject
Global
	GlobalSection(SolutionConfigurationPlatforms) = preSolution
		Debug|Any CPU = Debug|Any CPU
	EndGlobalSection
	GlobalSection(ProjectConfigurationPlatforms) = postSolution
		{DEB0E87F-5101-4A59-8040-0660E2DA097F}.Debug|Any CPU.ActiveCfg = Debug|Any CPU
		{DEB0E87F-5101-4A59-8040-0660E2DA097F}.Debug|Any CPU.Build.0 = Debug|Any CPU
	EndGlobalSection
	GlobalSection(SolutionProperties) = preSolution
		HideSolutionNode = FALSE
	EndGlobalSection
	GlobalSection(ExtensibilityGlobals) = postSolution
		SolutionGuid = {0BBF7E88-E576-4BF3-919F-AB67111144C8}
	EndGlobalSection
EndGlobal
